
Microsoft Visual Studio Solution File, Format Version 12.00
# Visual Studio Version 17
VisualStudioVersion = 17.3.32922.545
MinimumVisualStudioVersion = 10.0.40219.1
Project("{888888A0-9F3D-457C-B088-3A5042F75D52}") = "Paraphrase-Generator", "Paraphrase-Generator\Paraphrase-Generator.pyproj", "{3E27CD9E-CDAC-48CC-9003-FB0958C1371A}"
EndProject
Global
	GlobalSection(SolutionConfigurationPlatforms) = preSolution
		Debug|Any CPU = Debug|Any CPU
		Release|Any CPU = Release|Any CPU
	EndGlobalSection
	GlobalSection(ProjectConfigurationPlatforms) = postSolution
		{3E27CD9E-CDAC-48CC-9003-FB0958C1371A}.Debug|Any CPU.ActiveCfg = Debug|Any CPU
		{3E27CD9E-CDAC-48CC-9003-FB0958C1371A}.Release|Any CPU.ActiveCfg = Release|Any CPU
	EndGlobalSection
	GlobalSection(SolutionProperties) = preSolution
		HideSolutionNode = FALSE
	EndGlobalSection
	GlobalSection(ExtensibilityGlobals) = postSolution
		SolutionGuid = {C83F8FBE-5A40-4F05-9AC8-117934AEFD3D}
	EndGlobalSection
EndGlobal
